
Microsoft Visual Studio Solution File, Format Version 12.00
# Visual Studio Version 17
VisualStudioVersion = 17.7.34003.232
MinimumVisualStudioVersion = 10.0.40219.1
Project("{FAE04EC0-301F-11D3-BF4B-00C04F79EFBC}") = "CM20314", "CM20314\CM20314.csproj", "{2BF5C637-9BE4-4461-812F-30EBEB723680}"
EndProject
Global
	GlobalSection(SolutionConfigurationPlatforms) = preSolution
		Debug|Any CPU = Debug|Any CPU
		Release|Any CPU = Release|Any CPU
	EndGlobalSection
	GlobalSection(ProjectConfigurationPlatforms) = postSolution
		{2BF5C637-9BE4-4461-812F-30EBEB723680}.Debug|Any CPU.ActiveCfg = Debug|Any CPU
		{2BF5C637-9BE4-4461-812F-30EBEB723680}.Debug|Any CPU.Build.0 = Debug|Any CPU
		{2BF5C637-9BE4-4461-812F-30EBEB723680}.Release|Any CPU.ActiveCfg = Release|Any CPU
		{2BF5C637-9BE4-4461-812F-30EBEB723680}.Release|Any CPU.Build.0 = Release|Any CPU
	EndGlobalSection
	GlobalSection(SolutionProperties) = preSolution
		HideSolutionNode = FALSE
	EndGlobalSection
	GlobalSection(ExtensibilityGlobals) = postSolution
		SolutionGuid = {30DF78E2-64A9-434E-8D3F-E53DB4A2F40D}
	EndGlobalSection
EndGlobal
